PODS:
  - OpenVPNAdapter (0.4.0):
    - OpenVPNAdapter/asio (= 0.4.0)
    - OpenVPNAdapter/lz4 (= 0.4.0)
    - OpenVPNAdapter/mbedtls (= 0.4.0)
    - OpenVPNAdapter/openvpn (= 0.4.0)
  - OpenVPNAdapter/asio (0.4.0)
  - OpenVPNAdapter/lz4 (0.4.0)
  - OpenVPNAdapter/mbedtls (0.4.0)
  - OpenVPNAdapter/openvpn (0.4.0)

DEPENDENCIES:
  - OpenVPNAdapter (from `https://github.com/ss-abramchuk/OpenVPNAdapter.git`, tag `0.4.0`)

EXTERNAL SOURCES:
  OpenVPNAdapter:
    :git: https://github.com/ss-abramchuk/OpenVPNAdapter.git
    :tag: 0.4.0

CHECKOUT OPTIONS:
  OpenVPNAdapter:
    :git: https://github.com/ss-abramchuk/OpenVPNAdapter.git
    :tag: 0.4.0

SPEC CHECKSUMS:
  OpenVPNAdapter: 68a98746423a3d4f96fbdc7f1214671a9db55ca9

PODFILE CHECKSUM: 166ab98f84639c2bec515b5cc028d86e89e2eda2

COCOAPODS: 1.10.0
